{
  "name": "@yysjjd/agent-feed",
  "version": "1.0.1",
  "lockfileVersion": 3,
  "requires": true,
  "packages": {
    "": {
      "name": "@yysjjd/agent-feed",
      "version": "1.0.1",
      "license": "MIT",
      "bin": {
        "agent-feed": "npm/agent-feed.js"
      },
      "engines": {
        "node": ">=16.0.0"
      }
    }
  }
}
